{
  "name": "zcoin",
  "version": "1.0.0",
  "lockfileVersion": 2,
  "requires": true,
  "packages": {
    "": {
      "version": "1.0.0",
      "license": "ISC",
      "dependencies": {
        "@openzeppelin/contracts": "^4.7.3",
        "dotenv": "^16.0.2"
      }
    },
    "node_modules/@openzeppelin/contracts": {
      "version": "4.7.3",
      "resolved": "https://registry.npmjs.org/@openzeppelin/contracts/-/contracts-4.7.3.tgz",
      "integrity": "sha512-dGRS0agJzu8ybo44pCIf3xBaPQN/65AIXNgK8+4gzKd5kbvlqyxryUYVLJv7fK98Seyd2hDZzVEHSWAh0Bt1Yw=="
    },
    "node_modules/dotenv": {
      "version": "16.0.2",
      "resolved": "https://registry.npmjs.org/dotenv/-/dotenv-16.0.2.tgz",
      "integrity": "sha512-JvpYKUmzQhYoIFgK2MOnF3bciIZoItIIoryihy0rIA+H4Jy0FmgyKYAHCTN98P5ybGSJcIFbh6QKeJdtZd1qhA==",
      "engines": {
        "node": ">=12"
      }
    }
  },
  "dependencies": {
    "@openzeppelin/contracts": {
      "version": "4.7.3",
      "resolved": "https://registry.npmjs.org/@openzeppelin/contracts/-/contracts-4.7.3.tgz",
      "integrity": "sha512-dGRS0agJzu8ybo44pCIf3xBaPQN/65AIXNgK8+4gzKd5kbvlqyxryUYVLJv7fK98Seyd2hDZzVEHSWAh0Bt1Yw=="
    },
    "dotenv": {
      "version": "16.0.2",
      "resolved": "https://registry.npmjs.org/dotenv/-/dotenv-16.0.2.tgz",
      "integrity": "sha512-JvpYKUmzQhYoIFgK2MOnF3bciIZoItIIoryihy0rIA+H4Jy0FmgyKYAHCTN98P5ybGSJcIFbh6QKeJdtZd1qhA=="
    }
  }
}
